{
  "name": "FE-pro",
  "lockfileVersion": 3,
  "requires": true,
  "packages": {
    "": {
      "dependencies": {
        "yarn": "^1.22.20"
      }
    },
    "node_modules/yarn": {
      "version": "1.22.20",
      "resolved": "https://registry.npmjs.org/yarn/-/yarn-1.22.20.tgz",
      "integrity": "sha512-rAQTKOBnJSk3MhOJ536OIR9R/taWCU/e+Caun3BJuBoP5kZUDZoqNqt8PAPfBLihZVQoX/sUaNQqAdKjY9agcw==",
      "hasInstallScript": true,
      "bin": {
        "yarn": "bin/yarn.js",
        "yarnpkg": "bin/yarn.js"
      },
      "engines": {
        "node": ">=4.0.0"
      }
    }
  }
}
